
Microsoft Visual Studio Solution File, Format Version 12.00
# Visual Studio 15
VisualStudioVersion = 15.0.28010.2050
MinimumVisualStudioVersion = 10.0.40219.1
Project("{8BC9CEB8-8B4A-11D0-8D11-00A0C91BC942}") = "ForwardLookup", "ForwardLookup\ForwardLookup.vcxproj", "{BD30B25E-CFCE-40FC-8FB1-5413E1435F85}"
EndProject
Project("{8BC9CEB8-8B4A-11D0-8D11-00A0C91BC942}") = "ReverseLookup", "ReverseLookup\ReverseLookup.vcxproj", "{791FB532-04ED-438D-9BC8-B36FB03F6B94}"
EndProject
Global
	GlobalSection(SolutionConfigurationPlatforms) = preSolution
		Debug|x64 = Debug|x64
		Release|x64 = Release|x64
	EndGlobalSection
	GlobalSection(ProjectConfigurationPlatforms) = postSolution
		{BD30B25E-CFCE-40FC-8FB1-5413E1435F85}.Debug|x64.ActiveCfg = Debug|x64
		{BD30B25E-CFCE-40FC-8FB1-5413E1435F85}.Debug|x64.Build.0 = Debug|x64
		{BD30B25E-CFCE-40FC-8FB1-5413E1435F85}.Release|x64.ActiveCfg = Release|x64
		{BD30B25E-CFCE-40FC-8FB1-5413E1435F85}.Release|x64.Build.0 = Release|x64
		{791FB532-04ED-438D-9BC8-B36FB03F6B94}.Debug|x64.ActiveCfg = Debug|x64
		{791FB532-04ED-438D-9BC8-B36FB03F6B94}.Debug|x64.Build.0 = Debug|x64
		{791FB532-04ED-438D-9BC8-B36FB03F6B94}.Release|x64.ActiveCfg = Release|x64
		{791FB532-04ED-438D-9BC8-B36FB03F6B94}.Release|x64.Build.0 = Release|x64
	EndGlobalSection
	GlobalSection(SolutionProperties) = preSolution
		HideSolutionNode = FALSE
	EndGlobalSection
	GlobalSection(ExtensibilityGlobals) = postSolution
		SolutionGuid = {D69EC3FF-D12A-44D7-BC17-8F2BF3B7A98A}
	EndGlobalSection
EndGlobal
